
Microsoft Visual Studio Solution File, Format Version 12.00
# Visual Studio Version 17
VisualStudioVersion = 17.11.35327.3
MinimumVisualStudioVersion = 10.0.40219.1
Project("{FAE04EC0-301F-11D3-BF4B-00C04F79EFBC}") = "LingoCourses", "LingoCourses.csproj", "{8562E5B6-A020-484D-BDA8-F19718212202}"
EndProject
Global
	GlobalSection(SolutionConfigurationPlatforms) = preSolution
		Debug|Any CPU = Debug|Any CPU
		Release|Any CPU = Release|Any CPU
	EndGlobalSection
	GlobalSection(ProjectConfigurationPlatforms) = postSolution
		{8562E5B6-A020-484D-BDA8-F19718212202}.Debug|Any CPU.ActiveCfg = Debug|Any CPU
		{8562E5B6-A020-484D-BDA8-F19718212202}.Debug|Any CPU.Build.0 = Debug|Any CPU
		{8562E5B6-A020-484D-BDA8-F19718212202}.Release|Any CPU.ActiveCfg = Release|Any CPU
		{8562E5B6-A020-484D-BDA8-F19718212202}.Release|Any CPU.Build.0 = Release|Any CPU
	EndGlobalSection
	GlobalSection(SolutionProperties) = preSolution
		HideSolutionNode = FALSE
	EndGlobalSection
	GlobalSection(ExtensibilityGlobals) = postSolution
		SolutionGuid = {8B0249A8-B9E6-42D0-AA17-3EFDCCD3A984}
	EndGlobalSection
EndGlobal
